
Microsoft Visual Studio Solution File, Format Version 12.00
# Visual Studio Version 17
VisualStudioVersion = 17.1.32328.378
MinimumVisualStudioVersion = 10.0.40219.1
Project("{8BC9CEB8-8B4A-11D0-8D11-00A0C91BC942}") = "DataContainers", "DataContainers\DataContainers.vcxproj", "{C92E8076-C254-468C-B4C1-B7493A77592F}"
EndProject
Project("{8BC9CEB8-8B4A-11D0-8D11-00A0C91BC942}") = "ForwardList", "ForwardList\ForwardList.vcxproj", "{473D10E3-F64D-4CD5-B323-9BFFCD9D2C62}"
EndProject
Project("{8BC9CEB8-8B4A-11D0-8D11-00A0C91BC942}") = "List2", "List2\List2.vcxproj", "{986B7A14-383E-48BE-80D2-E1CBA15F78F7}"
EndProject
Project("{8BC9CEB8-8B4A-11D0-8D11-00A0C91BC942}") = "Binary3", "Binary3\Binary3.vcxproj", "{CF828DD6-EF23-4247-88B8-68107ED65531}"
EndProject
Global
	GlobalSection(SolutionConfigurationPlatforms) = preSolution
		Debug|x64 = Debug|x64
		Debug|x86 = Debug|x86
		Release|x64 = Release|x64
		Release|x86 = Release|x86
	EndGlobalSection
	GlobalSection(ProjectConfigurationPlatforms) = postSolution
		{C92E8076-C254-468C-B4C1-B7493A77592F}.Debug|x64.ActiveCfg = Debug|x64
		{C92E8076-C254-468C-B4C1-B7493A77592F}.Debug|x64.Build.0 = Debug|x64
		{C92E8076-C254-468C-B4C1-B7493A77592F}.Debug|x86.ActiveCfg = Debug|Win32
		{C92E8076-C254-468C-B4C1-B7493A77592F}.Debug|x86.Build.0 = Debug|Win32
		{C92E8076-C254-468C-B4C1-B7493A77592F}.Release|x64.ActiveCfg = Release|x64
		{C92E8076-C254-468C-B4C1-B7493A77592F}.Release|x64.Build.0 = Release|x64
		{C92E8076-C254-468C-B4C1-B7493A77592F}.Release|x86.ActiveCfg = Release|Win32
		{C92E8076-C254-468C-B4C1-B7493A77592F}.Release|x86.Build.0 = Release|Win32
		{473D10E3-F64D-4CD5-B323-9BFFCD9D2C62}.Debug|x64.ActiveCfg = Debug|x64
		{473D10E3-F64D-4CD5-B323-9BFFCD9D2C62}.Debug|x64.Build.0 = Debug|x64
		{473D10E3-F64D-4CD5-B323-9BFFCD9D2C62}.Debug|x86.ActiveCfg = Debug|Win32
		{473D10E3-F64D-4CD5-B323-9BFFCD9D2C62}.Debug|x86.Build.0 = Debug|Win32
		{473D10E3-F64D-4CD5-B323-9BFFCD9D2C62}.Release|x64.ActiveCfg = Release|x64
		{473D10E3-F64D-4CD5-B323-9BFFCD9D2C62}.Release|x64.Build.0 = Release|x64
		{473D10E3-F64D-4CD5-B323-9BFFCD9D2C62}.Release|x86.ActiveCfg = Release|Win32
		{473D10E3-F64D-4CD5-B323-9BFFCD9D2C62}.Release|x86.Build.0 = Release|Win32
		{986B7A14-383E-48BE-80D2-E1CBA15F78F7}.Debug|x64.ActiveCfg = Debug|x64
		{986B7A14-383E-48BE-80D2-E1CBA15F78F7}.Debug|x64.Build.0 = Debug|x64
		{986B7A14-383E-48BE-80D2-E1CBA15F78F7}.Debug|x86.ActiveCfg = Debug|Win32
		{986B7A14-383E-48BE-80D2-E1CBA15F78F7}.Debug|x86.Build.0 = Debug|Win32
		{986B7A14-383E-48BE-80D2-E1CBA15F78F7}.Release|x64.ActiveCfg = Release|x64
		{986B7A14-383E-48BE-80D2-E1CBA15F78F7}.Release|x64.Build.0 = Release|x64
		{986B7A14-383E-48BE-80D2-E1CBA15F78F7}.Release|x86.ActiveCfg = Release|Win32
		{986B7A14-383E-48BE-80D2-E1CBA15F78F7}.Release|x86.Build.0 = Release|Win32
		{CF828DD6-EF23-4247-88B8-68107ED65531}.Debug|x64.ActiveCfg = Debug|x64
		{CF828DD6-EF23-4247-88B8-68107ED65531}.Debug|x64.Build.0 = Debug|x64
		{CF828DD6-EF23-4247-88B8-68107ED65531}.Debug|x86.ActiveCfg = Debug|Win32
		{CF828DD6-EF23-4247-88B8-68107ED65531}.Debug|x86.Build.0 = Debug|Win32
		{CF828DD6-EF23-4247-88B8-68107ED65531}.Release|x64.ActiveCfg = Release|x64
		{CF828DD6-EF23-4247-88B8-68107ED65531}.Release|x64.Build.0 = Release|x64
		{CF828DD6-EF23-4247-88B8-68107ED65531}.Release|x86.ActiveCfg = Release|Win32
		{CF828DD6-EF23-4247-88B8-68107ED65531}.Release|x86.Build.0 = Release|Win32
	EndGlobalSection
	GlobalSection(SolutionProperties) = preSolution
		HideSolutionNode = FALSE
	EndGlobalSection
	GlobalSection(ExtensibilityGlobals) = postSolution
		SolutionGuid = {961722E2-DC31-44B8-901D-7CF4614AA0D9}
	EndGlobalSection
EndGlobal
